
Microsoft Visual Studio Solution File, Format Version 12.00
# Visual Studio Version 17
VisualStudioVersion = 17.2.32526.322
MinimumVisualStudioVersion = 10.0.40219.1
Project("{2150E333-8FDC-42A3-9474-1A3956D46DE8}") = "API", "API", "{7FB5AFAE-00AD-4A0E-9E1C-84D3E54A5314}"
EndProject
Project("{2150E333-8FDC-42A3-9474-1A3956D46DE8}") = "Application", "Application", "{2DAB60D7-5A6B-4CEC-A89D-2D0EA563B334}"
EndProject
Project("{2150E333-8FDC-42A3-9474-1A3956D46DE8}") = "Tools", "Tools", "{BCDD88E8-992E-4798-A26E-12FB1F55E5A5}"
EndProject
Project("{FAE04EC0-301F-11D3-BF4B-00C04F79EFBC}") = "Models", "Models\Models.csproj", "{47C5EFB3-2532-4D35-B8EF-AC161B1CBFBB}"
EndProject
Project("{FAE04EC0-301F-11D3-BF4B-00C04F79EFBC}") = "PracticeWithTypes", "PracticeWithTypes\PracticeWithTypes.csproj", "{4F050B0F-F741-442A-9E2D-84E9A1D3783C}"
EndProject
Project("{FAE04EC0-301F-11D3-BF4B-00C04F79EFBC}") = "TestBoxUnbox", "TestBoxUnbox\TestBoxUnbox.csproj", "{E6AADC69-E518-4665-B109-DEE75EAA7077}"
EndProject
Project("{FAE04EC0-301F-11D3-BF4B-00C04F79EFBC}") = "NoityExamples", "NoityExamples\NoityExamples.csproj", "{410ABD7B-6375-4351-8217-BB0558CB7F32}"
EndProject
Project("{FAE04EC0-301F-11D3-BF4B-00C04F79EFBC}") = "Services", "Services\Services.csproj", "{48485FD9-726D-4839-851C-2355643647F5}"
EndProject
Global
	GlobalSection(SolutionConfigurationPlatforms) = preSolution
		Debug|Any CPU = Debug|Any CPU
		Release|Any CPU = Release|Any CPU
	EndGlobalSection
	GlobalSection(ProjectConfigurationPlatforms) = postSolution
		{47C5EFB3-2532-4D35-B8EF-AC161B1CBFBB}.Debug|Any CPU.ActiveCfg = Debug|Any CPU
		{47C5EFB3-2532-4D35-B8EF-AC161B1CBFBB}.Debug|Any CPU.Build.0 = Debug|Any CPU
		{47C5EFB3-2532-4D35-B8EF-AC161B1CBFBB}.Release|Any CPU.ActiveCfg = Release|Any CPU
		{47C5EFB3-2532-4D35-B8EF-AC161B1CBFBB}.Release|Any CPU.Build.0 = Release|Any CPU
		{4F050B0F-F741-442A-9E2D-84E9A1D3783C}.Debug|Any CPU.ActiveCfg = Debug|Any CPU
		{4F050B0F-F741-442A-9E2D-84E9A1D3783C}.Debug|Any CPU.Build.0 = Debug|Any CPU
		{4F050B0F-F741-442A-9E2D-84E9A1D3783C}.Release|Any CPU.ActiveCfg = Release|Any CPU
		{4F050B0F-F741-442A-9E2D-84E9A1D3783C}.Release|Any CPU.Build.0 = Release|Any CPU
		{E6AADC69-E518-4665-B109-DEE75EAA7077}.Debug|Any CPU.ActiveCfg = Debug|Any CPU
		{E6AADC69-E518-4665-B109-DEE75EAA7077}.Debug|Any CPU.Build.0 = Debug|Any CPU
		{E6AADC69-E518-4665-B109-DEE75EAA7077}.Release|Any CPU.ActiveCfg = Release|Any CPU
		{E6AADC69-E518-4665-B109-DEE75EAA7077}.Release|Any CPU.Build.0 = Release|Any CPU
		{410ABD7B-6375-4351-8217-BB0558CB7F32}.Debug|Any CPU.ActiveCfg = Debug|Any CPU
		{410ABD7B-6375-4351-8217-BB0558CB7F32}.Debug|Any CPU.Build.0 = Debug|Any CPU
		{410ABD7B-6375-4351-8217-BB0558CB7F32}.Release|Any CPU.ActiveCfg = Release|Any CPU
		{410ABD7B-6375-4351-8217-BB0558CB7F32}.Release|Any CPU.Build.0 = Release|Any CPU
		{48485FD9-726D-4839-851C-2355643647F5}.Debug|Any CPU.ActiveCfg = Debug|Any CPU
		{48485FD9-726D-4839-851C-2355643647F5}.Debug|Any CPU.Build.0 = Debug|Any CPU
		{48485FD9-726D-4839-851C-2355643647F5}.Release|Any CPU.ActiveCfg = Release|Any CPU
		{48485FD9-726D-4839-851C-2355643647F5}.Release|Any CPU.Build.0 = Release|Any CPU
	EndGlobalSection
	GlobalSection(SolutionProperties) = preSolution
		HideSolutionNode = FALSE
	EndGlobalSection
	GlobalSection(NestedProjects) = preSolution
		{47C5EFB3-2532-4D35-B8EF-AC161B1CBFBB} = {2DAB60D7-5A6B-4CEC-A89D-2D0EA563B334}
		{4F050B0F-F741-442A-9E2D-84E9A1D3783C} = {BCDD88E8-992E-4798-A26E-12FB1F55E5A5}
		{E6AADC69-E518-4665-B109-DEE75EAA7077} = {BCDD88E8-992E-4798-A26E-12FB1F55E5A5}
		{410ABD7B-6375-4351-8217-BB0558CB7F32} = {BCDD88E8-992E-4798-A26E-12FB1F55E5A5}
		{48485FD9-726D-4839-851C-2355643647F5} = {2DAB60D7-5A6B-4CEC-A89D-2D0EA563B334}
	EndGlobalSection
	GlobalSection(ExtensibilityGlobals) = postSolution
		SolutionGuid = {0097849E-39FC-49C1-B05C-98D472240A58}
	EndGlobalSection
EndGlobal
