
Microsoft Visual Studio Solution File, Format Version 12.00
# Visual Studio Version 17
VisualStudioVersion = 17.2.32526.322
MinimumVisualStudioVersion = 10.0.40219.1
Project("{2150E333-8FDC-42A3-9474-1A3956D46DE8}") = "API", "API", "{7FB5AFAE-00AD-4A0E-9E1C-84D3E54A5314}"
EndProject
Project("{2150E333-8FDC-42A3-9474-1A3956D46DE8}") = "Application", "Application", "{2DAB60D7-5A6B-4CEC-A89D-2D0EA563B334}"
EndProject
Project("{2150E333-8FDC-42A3-9474-1A3956D46DE8}") = "Tools", "Tools", "{BCDD88E8-992E-4798-A26E-12FB1F55E5A5}"
EndProject
Project("{FAE04EC0-301F-11D3-BF4B-00C04F79EFBC}") = "BankSystem.App", "BankSystem.App\BankSystem.App.csproj", "{B0C1BA6F-FD7A-4610-BBF1-DD666786E144}"
EndProject
Project("{2150E333-8FDC-42A3-9474-1A3956D46DE8}") = "Domain", "Domain", "{F0E64E58-AEF0-4108-8A67-4A8D33E026F9}"
EndProject
Project("{2150E333-8FDC-42A3-9474-1A3956D46DE8}") = "Infrastructure", "Infrastructure", "{F6D33CFC-FE75-4A45-83DA-ED5159CEE573}"
EndProject
Project("{FAE04EC0-301F-11D3-BF4B-00C04F79EFBC}") = "BankSystem.Domain", "BankSystem.Domain\BankSystem.Domain.csproj", "{B182200B-BE5B-4764-A731-BCEB0A9B1613}"
EndProject
Project("{FAE04EC0-301F-11D3-BF4B-00C04F79EFBC}") = "Practice", "Practice\Practice.csproj", "{81FE076C-AF29-46DB-B85F-0B1C2D4B0834}"
EndProject
Global
	GlobalSection(SolutionConfigurationPlatforms) = preSolution
		Debug|Any CPU = Debug|Any CPU
		Release|Any CPU = Release|Any CPU
	EndGlobalSection
	GlobalSection(ProjectConfigurationPlatforms) = postSolution
		{B0C1BA6F-FD7A-4610-BBF1-DD666786E144}.Debug|Any CPU.ActiveCfg = Debug|Any CPU
		{B0C1BA6F-FD7A-4610-BBF1-DD666786E144}.Debug|Any CPU.Build.0 = Debug|Any CPU
		{B0C1BA6F-FD7A-4610-BBF1-DD666786E144}.Release|Any CPU.ActiveCfg = Release|Any CPU
		{B0C1BA6F-FD7A-4610-BBF1-DD666786E144}.Release|Any CPU.Build.0 = Release|Any CPU
		{B182200B-BE5B-4764-A731-BCEB0A9B1613}.Debug|Any CPU.ActiveCfg = Debug|Any CPU
		{B182200B-BE5B-4764-A731-BCEB0A9B1613}.Debug|Any CPU.Build.0 = Debug|Any CPU
		{B182200B-BE5B-4764-A731-BCEB0A9B1613}.Release|Any CPU.ActiveCfg = Release|Any CPU
		{B182200B-BE5B-4764-A731-BCEB0A9B1613}.Release|Any CPU.Build.0 = Release|Any CPU
		{81FE076C-AF29-46DB-B85F-0B1C2D4B0834}.Debug|Any CPU.ActiveCfg = Debug|Any CPU
		{81FE076C-AF29-46DB-B85F-0B1C2D4B0834}.Debug|Any CPU.Build.0 = Debug|Any CPU
		{81FE076C-AF29-46DB-B85F-0B1C2D4B0834}.Release|Any CPU.ActiveCfg = Release|Any CPU
		{81FE076C-AF29-46DB-B85F-0B1C2D4B0834}.Release|Any CPU.Build.0 = Release|Any CPU
	EndGlobalSection
	GlobalSection(SolutionProperties) = preSolution
		HideSolutionNode = FALSE
	EndGlobalSection
	GlobalSection(NestedProjects) = preSolution
		{B0C1BA6F-FD7A-4610-BBF1-DD666786E144} = {2DAB60D7-5A6B-4CEC-A89D-2D0EA563B334}
		{B182200B-BE5B-4764-A731-BCEB0A9B1613} = {F0E64E58-AEF0-4108-8A67-4A8D33E026F9}
		{81FE076C-AF29-46DB-B85F-0B1C2D4B0834} = {BCDD88E8-992E-4798-A26E-12FB1F55E5A5}
	EndGlobalSection
	GlobalSection(ExtensibilityGlobals) = postSolution
		SolutionGuid = {0097849E-39FC-49C1-B05C-98D472240A58}
	EndGlobalSection
EndGlobal
